
Microsoft Visual Studio Solution File, Format Version 12.00
# Visual Studio Version 16
VisualStudioVersion = 16.0.29503.13
MinimumVisualStudioVersion = 10.0.40219.1
Project("{8BC9CEB8-8B4A-11D0-8D11-00A0C91BC942}") = "dosbox-x", "dosbox-x.vcxproj", "{8A52284E-5115-453E-AD4B-87B8FCDB1244}"
	ProjectSection(ProjectDependencies) = postProject
		{CB7E474E-04D9-42D2-8159-40A56C2939BE} = {CB7E474E-04D9-42D2-8159-40A56C2939BE}
		{8AB3504F-5E58-4910-AFE8-7A1E595AC3F4} = {8AB3504F-5E58-4910-AFE8-7A1E595AC3F4}
		{ACEE8153-C2AF-4E9E-8881-8FEA759A34D9} = {ACEE8153-C2AF-4E9E-8881-8FEA759A34D9}
		{D6973076-9317-4EF2-A0B8-B7A18AC0713E} = {D6973076-9317-4EF2-A0B8-B7A18AC0713E}
		{47281679-339B-4D01-8556-A49384BFE812} = {47281679-339B-4D01-8556-A49384BFE812}
		{81CE8DAF-EBB2-4761-8E45-B71ABCCA8C68} = {81CE8DAF-EBB2-4761-8E45-B71ABCCA8C68}
		{78B079BD-9FC7-4B9E-B4A6-96DA0F00248B} = {78B079BD-9FC7-4B9E-B4A6-96DA0F00248B}
		{DA956FD3-E142-46F2-9DD5-C78BEBB56B7A} = {DA956FD3-E142-46F2-9DD5-C78BEBB56B7A}
		{671232EC-C55C-4636-A75F-7E4B4C54C314} = {671232EC-C55C-4636-A75F-7E4B4C54C314}
	EndProjectSection
EndProject
Project("{8BC9CEB8-8B4A-11D0-8D11-00A0C91BC942}") = "SDL", "sdl\VisualC\SDL\SDL.vcxproj", "{81CE8DAF-EBB2-4761-8E45-B71ABCCA8C68}"
EndProject
Project("{8BC9CEB8-8B4A-11D0-8D11-00A0C91BC942}") = "SDLmain", "sdl\VisualC\SDLmain\SDLmain.vcxproj", "{DA956FD3-E142-46F2-9DD5-C78BEBB56B7A}"
EndProject
Project("{8BC9CEB8-8B4A-11D0-8D11-00A0C91BC942}") = "SDL_net", "sdlnet\VisualC\SDL_net_VS2008.vcxproj", "{8AB3504F-5E58-4910-AFE8-7A1E595AC3F4}"
EndProject
Project("{2150E333-8FDC-42A3-9474-1A3956D46DE8}") = "Libraries (SDL1)", "Libraries (SDL1)", "{2606D77A-5E5B-4113-A3C9-278C55E8921B}"
EndProject
Project("{2150E333-8FDC-42A3-9474-1A3956D46DE8}") = "Libraries (SDL2)", "Libraries (SDL2)", "{E30D990E-3556-4BEB-9BE8-6544B49E9572}"
EndProject
Project("{2150E333-8FDC-42A3-9474-1A3956D46DE8}") = "Libraries (misc)", "Libraries (misc)", "{C204B73D-93EA-4E4C-BD5A-FDB7D5D07362}"
EndProject
Project("{8BC9CEB8-8B4A-11D0-8D11-00A0C91BC942}") = "libpdcurses", "libpdcurses\libpdcurses.vcxproj", "{671232EC-C55C-4636-A75F-7E4B4C54C314}"
EndProject
Project("{8BC9CEB8-8B4A-11D0-8D11-00A0C91BC942}") = "zlib", "zlib\zlib\zlib.vcxproj", "{ACEE8153-C2AF-4E9E-8881-8FEA759A34D9}"
EndProject
Project("{8BC9CEB8-8B4A-11D0-8D11-00A0C91BC942}") = "libpng", "libpng\projects\vstudio\libpng\libpng.vcxproj", "{D6973076-9317-4EF2-A0B8-B7A18AC0713E}"
	ProjectSection(ProjectDependencies) = postProject
		{ACEE8153-C2AF-4E9E-8881-8FEA759A34D9} = {ACEE8153-C2AF-4E9E-8881-8FEA759A34D9}
	EndProjectSection
EndProject
Project("{8BC9CEB8-8B4A-11D0-8D11-00A0C91BC942}") = "SDL2", "sdl2\VisualC\SDL\SDL.vcxproj", "{CB7E474E-04D9-42D2-8159-40A56C2939BE}"
EndProject
Project("{8BC9CEB8-8B4A-11D0-8D11-00A0C91BC942}") = "SDL2main", "sdl2\VisualC\SDLmain\SDLmain.vcxproj", "{47281679-339B-4D01-8556-A49384BFE812}"
EndProject
Project("{8BC9CEB8-8B4A-11D0-8D11-00A0C91BC942}") = "freetype", "freetype\builds\windows\vc2010\freetype.vcxproj", "{78B079BD-9FC7-4B9E-B4A6-96DA0F00248B}"
EndProject
Global
	GlobalSection(SolutionConfigurationPlatforms) = preSolution
		Debug SDL2|ARM = Debug SDL2|ARM
		Debug SDL2|ARM64 = Debug SDL2|ARM64
		Debug SDL2|Win32 = Debug SDL2|Win32
		Debug SDL2|x64 = Debug SDL2|x64
		Debug|ARM = Debug|ARM
		Debug|ARM64 = Debug|ARM64
		Debug|Win32 = Debug|Win32
		Debug|x64 = Debug|x64
		Release SDL2|ARM = Release SDL2|ARM
		Release SDL2|ARM64 = Release SDL2|ARM64
		Release SDL2|Win32 = Release SDL2|Win32
		Release SDL2|x64 = Release SDL2|x64
		Release|ARM = Release|ARM
		Release|ARM64 = Release|ARM64
		Release|Win32 = Release|Win32
		Release|x64 = Release|x64
	EndGlobalSection
	GlobalSection(ProjectConfigurationPlatforms) = postSolution
		{8A52284E-5115-453E-AD4B-87B8FCDB1244}.Debug SDL2|ARM.ActiveCfg = Debug SDL2|ARM
		{8A52284E-5115-453E-AD4B-87B8FCDB1244}.Debug SDL2|ARM.Build.0 = Debug SDL2|ARM
		{8A52284E-5115-453E-AD4B-87B8FCDB1244}.Debug SDL2|ARM64.ActiveCfg = Debug SDL2|ARM64
		{8A52284E-5115-453E-AD4B-87B8FCDB1244}.Debug SDL2|ARM64.Build.0 = Debug SDL2|ARM64
		{8A52284E-5115-453E-AD4B-87B8FCDB1244}.Debug SDL2|Win32.ActiveCfg = Debug SDL2|Win32
		{8A52284E-5115-453E-AD4B-87B8FCDB1244}.Debug SDL2|Win32.Build.0 = Debug SDL2|Win32
		{8A52284E-5115-453E-AD4B-87B8FCDB1244}.Debug SDL2|x64.ActiveCfg = Debug SDL2|x64
		{8A52284E-5115-453E-AD4B-87B8FCDB1244}.Debug SDL2|x64.Build.0 = Debug SDL2|x64
		{8A52284E-5115-453E-AD4B-87B8FCDB1244}.Debug|ARM.ActiveCfg = Debug|ARM
		{8A52284E-5115-453E-AD4B-87B8FCDB1244}.Debug|ARM.Build.0 = Debug|ARM
		{8A52284E-5115-453E-AD4B-87B8FCDB1244}.Debug|ARM64.ActiveCfg = Debug|ARM64
		{8A52284E-5115-453E-AD4B-87B8FCDB1244}.Debug|ARM64.Build.0 = Debug|ARM64
		{8A52284E-5115-453E-AD4B-87B8FCDB1244}.Debug|Win32.ActiveCfg = Debug|Win32
		{8A52284E-5115-453E-AD4B-87B8FCDB1244}.Debug|Win32.Build.0 = Debug|Win32
		{8A52284E-5115-453E-AD4B-87B8FCDB1244}.Debug|x64.ActiveCfg = Debug|x64
		{8A52284E-5115-453E-AD4B-87B8FCDB1244}.Debug|x64.Build.0 = Debug|x64
		{8A52284E-5115-453E-AD4B-87B8FCDB1244}.Release SDL2|ARM.ActiveCfg = Release SDL2|ARM
		{8A52284E-5115-453E-AD4B-87B8FCDB1244}.Release SDL2|ARM.Build.0 = Release SDL2|ARM
		{8A52284E-5115-453E-AD4B-87B8FCDB1244}.Release SDL2|ARM64.ActiveCfg = Release SDL2|ARM64
		{8A52284E-5115-453E-AD4B-87B8FCDB1244}.Release SDL2|ARM64.Build.0 = Release SDL2|ARM64
		{8A52284E-5115-453E-AD4B-87B8FCDB1244}.Release SDL2|Win32.ActiveCfg = Release SDL2|Win32
		{8A52284E-5115-453E-AD4B-87B8FCDB1244}.Release SDL2|Win32.Build.0 = Release SDL2|Win32
		{8A52284E-5115-453E-AD4B-87B8FCDB1244}.Release SDL2|x64.ActiveCfg = Release SDL2|x64
		{8A52284E-5115-453E-AD4B-87B8FCDB1244}.Release SDL2|x64.Build.0 = Release SDL2|x64
		{8A52284E-5115-453E-AD4B-87B8FCDB1244}.Release|ARM.ActiveCfg = Release|ARM
		{8A52284E-5115-453E-AD4B-87B8FCDB1244}.Release|ARM.Build.0 = Release|ARM
		{8A52284E-5115-453E-AD4B-87B8FCDB1244}.Release|ARM64.ActiveCfg = Release|ARM64
		{8A52284E-5115-453E-AD4B-87B8FCDB1244}.Release|ARM64.Build.0 = Release|ARM64
		{8A52284E-5115-453E-AD4B-87B8FCDB1244}.Release|Win32.ActiveCfg = Release|Win32
		{8A52284E-5115-453E-AD4B-87B8FCDB1244}.Release|Win32.Build.0 = Release|Win32
		{8A52284E-5115-453E-AD4B-87B8FCDB1244}.Release|x64.ActiveCfg = Release|x64
		{8A52284E-5115-453E-AD4B-87B8FCDB1244}.Release|x64.Build.0 = Release|x64
		{81CE8DAF-EBB2-4761-8E45-B71ABCCA8C68}.Debug SDL2|ARM.ActiveCfg = Debug|ARM
		{81CE8DAF-EBB2-4761-8E45-B71ABCCA8C68}.Debug SDL2|ARM64.ActiveCfg = Debug|ARM64
		{81CE8DAF-EBB2-4761-8E45-B71ABCCA8C68}.Debug SDL2|Win32.ActiveCfg = Debug|Win32
		{81CE8DAF-EBB2-4761-8E45-B71ABCCA8C68}.Debug SDL2|x64.ActiveCfg = Debug|x64
		{81CE8DAF-EBB2-4761-8E45-B71ABCCA8C68}.Debug|ARM.ActiveCfg = Debug|ARM
		{81CE8DAF-EBB2-4761-8E45-B71ABCCA8C68}.Debug|ARM.Build.0 = Debug|ARM
		{81CE8DAF-EBB2-4761-8E45-B71ABCCA8C68}.Debug|ARM64.ActiveCfg = Debug|ARM64
		{81CE8DAF-EBB2-4761-8E45-B71ABCCA8C68}.Debug|ARM64.Build.0 = Debug|ARM64
		{81CE8DAF-EBB2-4761-8E45-B71ABCCA8C68}.Debug|Win32.ActiveCfg = Debug|Win32
		{81CE8DAF-EBB2-4761-8E45-B71ABCCA8C68}.Debug|Win32.Build.0 = Debug|Win32
		{81CE8DAF-EBB2-4761-8E45-B71ABCCA8C68}.Debug|x64.ActiveCfg = Debug|x64
		{81CE8DAF-EBB2-4761-8E45-B71ABCCA8C68}.Debug|x64.Build.0 = Debug|x64
		{81CE8DAF-EBB2-4761-8E45-B71ABCCA8C68}.Release SDL2|ARM.ActiveCfg = Release|ARM
		{81CE8DAF-EBB2-4761-8E45-B71ABCCA8C68}.Release SDL2|ARM64.ActiveCfg = Release|ARM64
		{81CE8DAF-EBB2-4761-8E45-B71ABCCA8C68}.Release SDL2|Win32.ActiveCfg = Release|Win32
		{81CE8DAF-EBB2-4761-8E45-B71ABCCA8C68}.Release SDL2|x64.ActiveCfg = Release|x64
		{81CE8DAF-EBB2-4761-8E45-B71ABCCA8C68}.Release|ARM.ActiveCfg = Release|ARM
		{81CE8DAF-EBB2-4761-8E45-B71ABCCA8C68}.Release|ARM.Build.0 = Release|ARM
		{81CE8DAF-EBB2-4761-8E45-B71ABCCA8C68}.Release|ARM64.ActiveCfg = Release|ARM64
		{81CE8DAF-EBB2-4761-8E45-B71ABCCA8C68}.Release|ARM64.Build.0 = Release|ARM64
		{81CE8DAF-EBB2-4761-8E45-B71ABCCA8C68}.Release|Win32.ActiveCfg = Release|Win32
		{81CE8DAF-EBB2-4761-8E45-B71ABCCA8C68}.Release|Win32.Build.0 = Release|Win32
		{81CE8DAF-EBB2-4761-8E45-B71ABCCA8C68}.Release|x64.ActiveCfg = Release|x64
		{81CE8DAF-EBB2-4761-8E45-B71ABCCA8C68}.Release|x64.Build.0 = Release|x64
		{DA956FD3-E142-46F2-9DD5-C78BEBB56B7A}.Debug SDL2|ARM.ActiveCfg = Debug|ARM
		{DA956FD3-E142-46F2-9DD5-C78BEBB56B7A}.Debug SDL2|ARM64.ActiveCfg = Debug|ARM64
		{DA956FD3-E142-46F2-9DD5-C78BEBB56B7A}.Debug SDL2|Win32.ActiveCfg = Debug|Win32
		{DA956FD3-E142-46F2-9DD5-C78BEBB56B7A}.Debug SDL2|x64.ActiveCfg = Debug|x64
		{DA956FD3-E142-46F2-9DD5-C78BEBB56B7A}.Debug|ARM.ActiveCfg = Debug|ARM
		{DA956FD3-E142-46F2-9DD5-C78BEBB56B7A}.Debug|ARM.Build.0 = Debug|ARM
		{DA956FD3-E142-46F2-9DD5-C78BEBB56B7A}.Debug|ARM64.ActiveCfg = Debug|ARM64
		{DA956FD3-E142-46F2-9DD5-C78BEBB56B7A}.Debug|ARM64.Build.0 = Debug|ARM64
		{DA956FD3-E142-46F2-9DD5-C78BEBB56B7A}.Debug|Win32.ActiveCfg = Debug|Win32
		{DA956FD3-E142-46F2-9DD5-C78BEBB56B7A}.Debug|Win32.Build.0 = Debug|Win32
		{DA956FD3-E142-46F2-9DD5-C78BEBB56B7A}.Debug|x64.ActiveCfg = Debug|x64
		{DA956FD3-E142-46F2-9DD5-C78BEBB56B7A}.Debug|x64.Build.0 = Debug|x64
		{DA956FD3-E142-46F2-9DD5-C78BEBB56B7A}.Release SDL2|ARM.ActiveCfg = Release|ARM
		{DA956FD3-E142-46F2-9DD5-C78BEBB56B7A}.Release SDL2|ARM64.ActiveCfg = Release|ARM64
		{DA956FD3-E142-46F2-9DD5-C78BEBB56B7A}.Release SDL2|Win32.ActiveCfg = Release|Win32
		{DA956FD3-E142-46F2-9DD5-C78BEBB56B7A}.Release SDL2|x64.ActiveCfg = Release|x64
		{DA956FD3-E142-46F2-9DD5-C78BEBB56B7A}.Release|ARM.ActiveCfg = Release|ARM
		{DA956FD3-E142-46F2-9DD5-C78BEBB56B7A}.Release|ARM.Build.0 = Release|ARM
		{DA956FD3-E142-46F2-9DD5-C78BEBB56B7A}.Release|ARM64.ActiveCfg = Release|ARM64
		{DA956FD3-E142-46F2-9DD5-C78BEBB56B7A}.Release|ARM64.Build.0 = Release|ARM64
		{DA956FD3-E142-46F2-9DD5-C78BEBB56B7A}.Release|Win32.ActiveCfg = Release|Win32
		{DA956FD3-E142-46F2-9DD5-C78BEBB56B7A}.Release|Win32.Build.0 = Release|Win32
		{DA956FD3-E142-46F2-9DD5-C78BEBB56B7A}.Release|x64.ActiveCfg = Release|x64
		{DA956FD3-E142-46F2-9DD5-C78BEBB56B7A}.Release|x64.Build.0 = Release|x64
		{8AB3504F-5E58-4910-AFE8-7A1E595AC3F4}.Debug SDL2|ARM.ActiveCfg = Debug|ARM
		{8AB3504F-5E58-4910-AFE8-7A1E595AC3F4}.Debug SDL2|ARM64.ActiveCfg = Debug|ARM64
		{8AB3504F-5E58-4910-AFE8-7A1E595AC3F4}.Debug SDL2|Win32.ActiveCfg = Debug|Win32
		{8AB3504F-5E58-4910-AFE8-7A1E595AC3F4}.Debug SDL2|x64.ActiveCfg = Debug|x64
		{8AB3504F-5E58-4910-AFE8-7A1E595AC3F4}.Debug|ARM.ActiveCfg = Debug|ARM
		{8AB3504F-5E58-4910-AFE8-7A1E595AC3F4}.Debug|ARM.Build.0 = Debug|ARM
		{8AB3504F-5E58-4910-AFE8-7A1E595AC3F4}.Debug|ARM64.ActiveCfg = Debug|ARM64
		{8AB3504F-5E58-4910-AFE8-7A1E595AC3F4}.Debug|ARM64.Build.0 = Debug|ARM64
		{8AB3504F-5E58-4910-AFE8-7A1E595AC3F4}.Debug|Win32.ActiveCfg = Debug|Win32
		{8AB3504F-5E58-4910-AFE8-7A1E595AC3F4}.Debug|Win32.Build.0 = Debug|Win32
		{8AB3504F-5E58-4910-AFE8-7A1E595AC3F4}.Debug|x64.ActiveCfg = Debug|x64
		{8AB3504F-5E58-4910-AFE8-7A1E595AC3F4}.Debug|x64.Build.0 = Debug|x64
		{8AB3504F-5E58-4910-AFE8-7A1E595AC3F4}.Release SDL2|ARM.ActiveCfg = Release|ARM
		{8AB3504F-5E58-4910-AFE8-7A1E595AC3F4}.Release SDL2|ARM64.ActiveCfg = Release|ARM64
		{8AB3504F-5E58-4910-AFE8-7A1E595AC3F4}.Release SDL2|Win32.ActiveCfg = Release|Win32
		{8AB3504F-5E58-4910-AFE8-7A1E595AC3F4}.Release SDL2|x64.ActiveCfg = Release|x64
		{8AB3504F-5E58-4910-AFE8-7A1E595AC3F4}.Release|ARM.ActiveCfg = Release|ARM
		{8AB3504F-5E58-4910-AFE8-7A1E595AC3F4}.Release|ARM.Build.0 = Release|ARM
		{8AB3504F-5E58-4910-AFE8-7A1E595AC3F4}.Release|ARM64.ActiveCfg = Release|ARM64
		{8AB3504F-5E58-4910-AFE8-7A1E595AC3F4}.Release|ARM64.Build.0 = Release|ARM64
		{8AB3504F-5E58-4910-AFE8-7A1E595AC3F4}.Release|Win32.ActiveCfg = Release|Win32
		{8AB3504F-5E58-4910-AFE8-7A1E595AC3F4}.Release|Win32.Build.0 = Release|Win32
		{8AB3504F-5E58-4910-AFE8-7A1E595AC3F4}.Release|x64.ActiveCfg = Release|x64
		{8AB3504F-5E58-4910-AFE8-7A1E595AC3F4}.Release|x64.Build.0 = Release|x64
		{671232EC-C55C-4636-A75F-7E4B4C54C314}.Debug SDL2|ARM.ActiveCfg = Debug SDL2|ARM
		{671232EC-C55C-4636-A75F-7E4B4C54C314}.Debug SDL2|ARM.Build.0 = Debug SDL2|ARM
		{671232EC-C55C-4636-A75F-7E4B4C54C314}.Debug SDL2|ARM64.ActiveCfg = Debug SDL2|ARM64
		{671232EC-C55C-4636-A75F-7E4B4C54C314}.Debug SDL2|ARM64.Build.0 = Debug SDL2|ARM64
		{671232EC-C55C-4636-A75F-7E4B4C54C314}.Debug SDL2|Win32.ActiveCfg = Debug SDL2|Win32
		{671232EC-C55C-4636-A75F-7E4B4C54C314}.Debug SDL2|Win32.Build.0 = Debug SDL2|Win32
		{671232EC-C55C-4636-A75F-7E4B4C54C314}.Debug SDL2|x64.ActiveCfg = Debug SDL2|x64
		{671232EC-C55C-4636-A75F-7E4B4C54C314}.Debug SDL2|x64.Build.0 = Debug SDL2|x64
		{671232EC-C55C-4636-A75F-7E4B4C54C314}.Debug|ARM.ActiveCfg = Debug|ARM
		{671232EC-C55C-4636-A75F-7E4B4C54C314}.Debug|ARM.Build.0 = Debug|ARM
		{671232EC-C55C-4636-A75F-7E4B4C54C314}.Debug|ARM64.ActiveCfg = Debug|ARM64
		{671232EC-C55C-4636-A75F-7E4B4C54C314}.Debug|ARM64.Build.0 = Debug|ARM64
		{671232EC-C55C-4636-A75F-7E4B4C54C314}.Debug|Win32.ActiveCfg = Debug|Win32
		{671232EC-C55C-4636-A75F-7E4B4C54C314}.Debug|Win32.Build.0 = Debug|Win32
		{671232EC-C55C-4636-A75F-7E4B4C54C314}.Debug|x64.ActiveCfg = Debug|x64
		{671232EC-C55C-4636-A75F-7E4B4C54C314}.Debug|x64.Build.0 = Debug|x64
		{671232EC-C55C-4636-A75F-7E4B4C54C314}.Release SDL2|ARM.ActiveCfg = Release SDL2|ARM
		{671232EC-C55C-4636-A75F-7E4B4C54C314}.Release SDL2|ARM.Build.0 = Release SDL2|ARM
		{671232EC-C55C-4636-A75F-7E4B4C54C314}.Release SDL2|ARM64.ActiveCfg = Release SDL2|ARM64
		{671232EC-C55C-4636-A75F-7E4B4C54C314}.Release SDL2|ARM64.Build.0 = Release SDL2|ARM64
		{671232EC-C55C-4636-A75F-7E4B4C54C314}.Release SDL2|Win32.ActiveCfg = Release SDL2|Win32
		{671232EC-C55C-4636-A75F-7E4B4C54C314}.Release SDL2|Win32.Build.0 = Release SDL2|Win32
		{671232EC-C55C-4636-A75F-7E4B4C54C314}.Release SDL2|x64.ActiveCfg = Release SDL2|x64
		{671232EC-C55C-4636-A75F-7E4B4C54C314}.Release SDL2|x64.Build.0 = Release SDL2|x64
		{671232EC-C55C-4636-A75F-7E4B4C54C314}.Release|ARM.ActiveCfg = Release|ARM
		{671232EC-C55C-4636-A75F-7E4B4C54C314}.Release|ARM.Build.0 = Release|ARM
		{671232EC-C55C-4636-A75F-7E4B4C54C314}.Release|ARM64.ActiveCfg = Release|ARM64
		{671232EC-C55C-4636-A75F-7E4B4C54C314}.Release|ARM64.Build.0 = Release|ARM64
		{671232EC-C55C-4636-A75F-7E4B4C54C314}.Release|Win32.ActiveCfg = Release|Win32
		{671232EC-C55C-4636-A75F-7E4B4C54C314}.Release|Win32.Build.0 = Release|Win32
		{671232EC-C55C-4636-A75F-7E4B4C54C314}.Release|x64.ActiveCfg = Release|x64
		{671232EC-C55C-4636-A75F-7E4B4C54C314}.Release|x64.Build.0 = Release|x64
		{ACEE8153-C2AF-4E9E-8881-8FEA759A34D9}.Debug SDL2|ARM.ActiveCfg = Debug SDL2|ARM
		{ACEE8153-C2AF-4E9E-8881-8FEA759A34D9}.Debug SDL2|ARM.Build.0 = Debug SDL2|ARM
		{ACEE8153-C2AF-4E9E-8881-8FEA759A34D9}.Debug SDL2|ARM64.ActiveCfg = Debug SDL2|ARM64
		{ACEE8153-C2AF-4E9E-8881-8FEA759A34D9}.Debug SDL2|ARM64.Build.0 = Debug SDL2|ARM64
		{ACEE8153-C2AF-4E9E-8881-8FEA759A34D9}.Debug SDL2|Win32.ActiveCfg = Debug SDL2|Win32
		{ACEE8153-C2AF-4E9E-8881-8FEA759A34D9}.Debug SDL2|Win32.Build.0 = Debug SDL2|Win32
		{ACEE8153-C2AF-4E9E-8881-8FEA759A34D9}.Debug SDL2|x64.ActiveCfg = Debug SDL2|x64
		{ACEE8153-C2AF-4E9E-8881-8FEA759A34D9}.Debug SDL2|x64.Build.0 = Debug SDL2|x64
		{ACEE8153-C2AF-4E9E-8881-8FEA759A34D9}.Debug|ARM.ActiveCfg = Debug|ARM
		{ACEE8153-C2AF-4E9E-8881-8FEA759A34D9}.Debug|ARM.Build.0 = Debug|ARM
		{ACEE8153-C2AF-4E9E-8881-8FEA759A34D9}.Debug|ARM64.ActiveCfg = Debug|ARM64
		{ACEE8153-C2AF-4E9E-8881-8FEA759A34D9}.Debug|ARM64.Build.0 = Debug|ARM64
		{ACEE8153-C2AF-4E9E-8881-8FEA759A34D9}.Debug|Win32.ActiveCfg = Debug|Win32
		{ACEE8153-C2AF-4E9E-8881-8FEA759A34D9}.Debug|Win32.Build.0 = Debug|Win32
		{ACEE8153-C2AF-4E9E-8881-8FEA759A34D9}.Debug|x64.ActiveCfg = Debug|x64
		{ACEE8153-C2AF-4E9E-8881-8FEA759A34D9}.Debug|x64.Build.0 = Debug|x64
		{ACEE8153-C2AF-4E9E-8881-8FEA759A34D9}.Release SDL2|ARM.ActiveCfg = Release SDL2|ARM
		{ACEE8153-C2AF-4E9E-8881-8FEA759A34D9}.Release SDL2|ARM.Build.0 = Release SDL2|ARM
		{ACEE8153-C2AF-4E9E-8881-8FEA759A34D9}.Release SDL2|ARM64.ActiveCfg = Release SDL2|ARM64
		{ACEE8153-C2AF-4E9E-8881-8FEA759A34D9}.Release SDL2|ARM64.Build.0 = Release SDL2|ARM64
		{ACEE8153-C2AF-4E9E-8881-8FEA759A34D9}.Release SDL2|Win32.ActiveCfg = Release SDL2|Win32
		{ACEE8153-C2AF-4E9E-8881-8FEA759A34D9}.Release SDL2|Win32.Build.0 = Release SDL2|Win32
		{ACEE8153-C2AF-4E9E-8881-8FEA759A34D9}.Release SDL2|x64.ActiveCfg = Release SDL2|x64
		{ACEE8153-C2AF-4E9E-8881-8FEA759A34D9}.Release SDL2|x64.Build.0 = Release SDL2|x64
		{ACEE8153-C2AF-4E9E-8881-8FEA759A34D9}.Release|ARM.ActiveCfg = Release|ARM
		{ACEE8153-C2AF-4E9E-8881-8FEA759A34D9}.Release|ARM.Build.0 = Release|ARM
		{ACEE8153-C2AF-4E9E-8881-8FEA759A34D9}.Release|ARM64.ActiveCfg = Release|ARM64
		{ACEE8153-C2AF-4E9E-8881-8FEA759A34D9}.Release|ARM64.Build.0 = Release|ARM64
		{ACEE8153-C2AF-4E9E-8881-8FEA759A34D9}.Release|Win32.ActiveCfg = Release|Win32
		{ACEE8153-C2AF-4E9E-8881-8FEA759A34D9}.Release|Win32.Build.0 = Release|Win32
		{ACEE8153-C2AF-4E9E-8881-8FEA759A34D9}.Release|x64.ActiveCfg = Release|x64
		{ACEE8153-C2AF-4E9E-8881-8FEA759A34D9}.Release|x64.Build.0 = Release|x64
		{D6973076-9317-4EF2-A0B8-B7A18AC0713E}.Debug SDL2|ARM.ActiveCfg = Debug SDL2|ARM
		{D6973076-9317-4EF2-A0B8-B7A18AC0713E}.Debug SDL2|ARM.Build.0 = Debug SDL2|ARM
		{D6973076-9317-4EF2-A0B8-B7A18AC0713E}.Debug SDL2|ARM64.ActiveCfg = Debug SDL2|ARM64
		{D6973076-9317-4EF2-A0B8-B7A18AC0713E}.Debug SDL2|ARM64.Build.0 = Debug SDL2|ARM64
		{D6973076-9317-4EF2-A0B8-B7A18AC0713E}.Debug SDL2|Win32.ActiveCfg = Debug SDL2|Win32
		{D6973076-9317-4EF2-A0B8-B7A18AC0713E}.Debug SDL2|Win32.Build.0 = Debug SDL2|Win32
		{D6973076-9317-4EF2-A0B8-B7A18AC0713E}.Debug SDL2|x64.ActiveCfg = Debug SDL2|x64
		{D6973076-9317-4EF2-A0B8-B7A18AC0713E}.Debug SDL2|x64.Build.0 = Debug SDL2|x64
		{D6973076-9317-4EF2-A0B8-B7A18AC0713E}.Debug|ARM.ActiveCfg = Debug|ARM
		{D6973076-9317-4EF2-A0B8-B7A18AC0713E}.Debug|ARM.Build.0 = Debug|ARM
		{D6973076-9317-4EF2-A0B8-B7A18AC0713E}.Debug|ARM64.ActiveCfg = Debug|ARM64
		{D6973076-9317-4EF2-A0B8-B7A18AC0713E}.Debug|ARM64.Build.0 = Debug|ARM64
		{D6973076-9317-4EF2-A0B8-B7A18AC0713E}.Debug|Win32.ActiveCfg = Debug|Win32
		{D6973076-9317-4EF2-A0B8-B7A18AC0713E}.Debug|Win32.Build.0 = Debug|Win32
		{D6973076-9317-4EF2-A0B8-B7A18AC0713E}.Debug|x64.ActiveCfg = Debug|x64
		{D6973076-9317-4EF2-A0B8-B7A18AC0713E}.Debug|x64.Build.0 = Debug|x64
		{D6973076-9317-4EF2-A0B8-B7A18AC0713E}.Release SDL2|ARM.ActiveCfg = Release SDL2|ARM
		{D6973076-9317-4EF2-A0B8-B7A18AC0713E}.Release SDL2|ARM.Build.0 = Release SDL2|ARM
		{D6973076-9317-4EF2-A0B8-B7A18AC0713E}.Release SDL2|ARM64.ActiveCfg = Release SDL2|ARM64
		{D6973076-9317-4EF2-A0B8-B7A18AC0713E}.Release SDL2|ARM64.Build.0 = Release SDL2|ARM64
		{D6973076-9317-4EF2-A0B8-B7A18AC0713E}.Release SDL2|Win32.ActiveCfg = Release SDL2|Win32
		{D6973076-9317-4EF2-A0B8-B7A18AC0713E}.Release SDL2|Win32.Build.0 = Release SDL2|Win32
		{D6973076-9317-4EF2-A0B8-B7A18AC0713E}.Release SDL2|x64.ActiveCfg = Release SDL2|x64
		{D6973076-9317-4EF2-A0B8-B7A18AC0713E}.Release SDL2|x64.Build.0 = Release SDL2|x64
		{D6973076-9317-4EF2-A0B8-B7A18AC0713E}.Release|ARM.ActiveCfg = Release|ARM
		{D6973076-9317-4EF2-A0B8-B7A18AC0713E}.Release|ARM.Build.0 = Release|ARM
		{D6973076-9317-4EF2-A0B8-B7A18AC0713E}.Release|ARM64.ActiveCfg = Release|ARM64
		{D6973076-9317-4EF2-A0B8-B7A18AC0713E}.Release|ARM64.Build.0 = Release|ARM64
		{D6973076-9317-4EF2-A0B8-B7A18AC0713E}.Release|Win32.ActiveCfg = Release|Win32
		{D6973076-9317-4EF2-A0B8-B7A18AC0713E}.Release|Win32.Build.0 = Release|Win32
		{D6973076-9317-4EF2-A0B8-B7A18AC0713E}.Release|x64.ActiveCfg = Release|x64
		{D6973076-9317-4EF2-A0B8-B7A18AC0713E}.Release|x64.Build.0 = Release|x64
		{CB7E474E-04D9-42D2-8159-40A56C2939BE}.Debug SDL2|ARM.ActiveCfg = Debug SDL2|ARM
		{CB7E474E-04D9-42D2-8159-40A56C2939BE}.Debug SDL2|ARM.Build.0 = Debug SDL2|ARM
		{CB7E474E-04D9-42D2-8159-40A56C2939BE}.Debug SDL2|ARM64.ActiveCfg = Debug SDL2|ARM64
		{CB7E474E-04D9-42D2-8159-40A56C2939BE}.Debug SDL2|ARM64.Build.0 = Debug SDL2|ARM64
		{CB7E474E-04D9-42D2-8159-40A56C2939BE}.Debug SDL2|Win32.ActiveCfg = Debug SDL2|Win32
		{CB7E474E-04D9-42D2-8159-40A56C2939BE}.Debug SDL2|Win32.Build.0 = Debug SDL2|Win32
		{CB7E474E-04D9-42D2-8159-40A56C2939BE}.Debug SDL2|x64.ActiveCfg = Debug SDL2|x64
		{CB7E474E-04D9-42D2-8159-40A56C2939BE}.Debug SDL2|x64.Build.0 = Debug SDL2|x64
		{CB7E474E-04D9-42D2-8159-40A56C2939BE}.Debug|ARM.ActiveCfg = Debug SDL2|ARM
		{CB7E474E-04D9-42D2-8159-40A56C2939BE}.Debug|ARM64.ActiveCfg = Debug SDL2|ARM64
		{CB7E474E-04D9-42D2-8159-40A56C2939BE}.Debug|Win32.ActiveCfg = Debug SDL2|Win32
		{CB7E474E-04D9-42D2-8159-40A56C2939BE}.Debug|x64.ActiveCfg = Debug SDL2|x64
		{CB7E474E-04D9-42D2-8159-40A56C2939BE}.Release SDL2|ARM.ActiveCfg = Release SDL2|ARM
		{CB7E474E-04D9-42D2-8159-40A56C2939BE}.Release SDL2|ARM.Build.0 = Release SDL2|ARM
		{CB7E474E-04D9-42D2-8159-40A56C2939BE}.Release SDL2|ARM64.ActiveCfg = Release SDL2|ARM64
		{CB7E474E-04D9-42D2-8159-40A56C2939BE}.Release SDL2|ARM64.Build.0 = Release SDL2|ARM64
		{CB7E474E-04D9-42D2-8159-40A56C2939BE}.Release SDL2|Win32.ActiveCfg = Release SDL2|Win32
		{CB7E474E-04D9-42D2-8159-40A56C2939BE}.Release SDL2|Win32.Build.0 = Release SDL2|Win32
		{CB7E474E-04D9-42D2-8159-40A56C2939BE}.Release SDL2|x64.ActiveCfg = Release SDL2|x64
		{CB7E474E-04D9-42D2-8159-40A56C2939BE}.Release SDL2|x64.Build.0 = Release SDL2|x64
		{CB7E474E-04D9-42D2-8159-40A56C2939BE}.Release|ARM.ActiveCfg = Release SDL2|ARM
		{CB7E474E-04D9-42D2-8159-40A56C2939BE}.Release|ARM64.ActiveCfg = Release SDL2|ARM64
		{CB7E474E-04D9-42D2-8159-40A56C2939BE}.Release|Win32.ActiveCfg = Release SDL2|Win32
		{CB7E474E-04D9-42D2-8159-40A56C2939BE}.Release|x64.ActiveCfg = Release SDL2|x64
		{47281679-339B-4D01-8556-A49384BFE812}.Debug SDL2|ARM.ActiveCfg = Debug SDL2|ARM
		{47281679-339B-4D01-8556-A49384BFE812}.Debug SDL2|ARM.Build.0 = Debug SDL2|ARM
		{47281679-339B-4D01-8556-A49384BFE812}.Debug SDL2|ARM64.ActiveCfg = Debug SDL2|ARM64
		{47281679-339B-4D01-8556-A49384BFE812}.Debug SDL2|ARM64.Build.0 = Debug SDL2|ARM64
		{47281679-339B-4D01-8556-A49384BFE812}.Debug SDL2|Win32.ActiveCfg = Debug SDL2|Win32
		{47281679-339B-4D01-8556-A49384BFE812}.Debug SDL2|Win32.Build.0 = Debug SDL2|Win32
		{47281679-339B-4D01-8556-A49384BFE812}.Debug SDL2|x64.ActiveCfg = Debug SDL2|x64
		{47281679-339B-4D01-8556-A49384BFE812}.Debug SDL2|x64.Build.0 = Debug SDL2|x64
		{47281679-339B-4D01-8556-A49384BFE812}.Debug|ARM.ActiveCfg = Debug SDL2|ARM
		{47281679-339B-4D01-8556-A49384BFE812}.Debug|ARM64.ActiveCfg = Debug SDL2|ARM64
		{47281679-339B-4D01-8556-A49384BFE812}.Debug|Win32.ActiveCfg = Debug SDL2|Win32
		{47281679-339B-4D01-8556-A49384BFE812}.Debug|x64.ActiveCfg = Debug SDL2|x64
		{47281679-339B-4D01-8556-A49384BFE812}.Release SDL2|ARM.ActiveCfg = Release SDL2|ARM
		{47281679-339B-4D01-8556-A49384BFE812}.Release SDL2|ARM.Build.0 = Release SDL2|ARM
		{47281679-339B-4D01-8556-A49384BFE812}.Release SDL2|ARM64.ActiveCfg = Release SDL2|ARM64
		{47281679-339B-4D01-8556-A49384BFE812}.Release SDL2|ARM64.Build.0 = Release SDL2|ARM64
		{47281679-339B-4D01-8556-A49384BFE812}.Release SDL2|Win32.ActiveCfg = Release SDL2|Win32
		{47281679-339B-4D01-8556-A49384BFE812}.Release SDL2|Win32.Build.0 = Release SDL2|Win32
		{47281679-339B-4D01-8556-A49384BFE812}.Release SDL2|x64.ActiveCfg = Release SDL2|x64
		{47281679-339B-4D01-8556-A49384BFE812}.Release SDL2|x64.Build.0 = Release SDL2|x64
		{47281679-339B-4D01-8556-A49384BFE812}.Release|ARM.ActiveCfg = Release SDL2|ARM
		{47281679-339B-4D01-8556-A49384BFE812}.Release|ARM64.ActiveCfg = Release SDL2|ARM64
		{47281679-339B-4D01-8556-A49384BFE812}.Release|Win32.ActiveCfg = Release SDL2|Win32
		{47281679-339B-4D01-8556-A49384BFE812}.Release|x64.ActiveCfg = Release SDL2|x64
		{78B079BD-9FC7-4B9E-B4A6-96DA0F00248B}.Debug SDL2|ARM.ActiveCfg = Debug SDL2|ARM
		{78B079BD-9FC7-4B9E-B4A6-96DA0F00248B}.Debug SDL2|ARM.Build.0 = Debug SDL2|ARM
		{78B079BD-9FC7-4B9E-B4A6-96DA0F00248B}.Debug SDL2|ARM64.ActiveCfg = Debug SDL2|ARM64
		{78B079BD-9FC7-4B9E-B4A6-96DA0F00248B}.Debug SDL2|ARM64.Build.0 = Debug SDL2|ARM64
		{78B079BD-9FC7-4B9E-B4A6-96DA0F00248B}.Debug SDL2|Win32.ActiveCfg = Debug SDL2|Win32
		{78B079BD-9FC7-4B9E-B4A6-96DA0F00248B}.Debug SDL2|Win32.Build.0 = Debug SDL2|Win32
		{78B079BD-9FC7-4B9E-B4A6-96DA0F00248B}.Debug SDL2|x64.ActiveCfg = Debug SDL2|x64
		{78B079BD-9FC7-4B9E-B4A6-96DA0F00248B}.Debug SDL2|x64.Build.0 = Debug SDL2|x64
		{78B079BD-9FC7-4B9E-B4A6-96DA0F00248B}.Debug|ARM.ActiveCfg = Debug|ARM
		{78B079BD-9FC7-4B9E-B4A6-96DA0F00248B}.Debug|ARM.Build.0 = Debug|ARM
		{78B079BD-9FC7-4B9E-B4A6-96DA0F00248B}.Debug|ARM64.ActiveCfg = Debug|ARM64
		{78B079BD-9FC7-4B9E-B4A6-96DA0F00248B}.Debug|ARM64.Build.0 = Debug|ARM64
		{78B079BD-9FC7-4B9E-B4A6-96DA0F00248B}.Debug|Win32.ActiveCfg = Debug|Win32
		{78B079BD-9FC7-4B9E-B4A6-96DA0F00248B}.Debug|Win32.Build.0 = Debug|Win32
		{78B079BD-9FC7-4B9E-B4A6-96DA0F00248B}.Debug|x64.ActiveCfg = Debug|x64
		{78B079BD-9FC7-4B9E-B4A6-96DA0F00248B}.Debug|x64.Build.0 = Debug|x64
		{78B079BD-9FC7-4B9E-B4A6-96DA0F00248B}.Release SDL2|ARM.ActiveCfg = Release SDL2|ARM
		{78B079BD-9FC7-4B9E-B4A6-96DA0F00248B}.Release SDL2|ARM.Build.0 = Release SDL2|ARM
		{78B079BD-9FC7-4B9E-B4A6-96DA0F00248B}.Release SDL2|ARM64.ActiveCfg = Release SDL2|ARM64
		{78B079BD-9FC7-4B9E-B4A6-96DA0F00248B}.Release SDL2|ARM64.Build.0 = Release SDL2|ARM64
		{78B079BD-9FC7-4B9E-B4A6-96DA0F00248B}.Release SDL2|Win32.ActiveCfg = Release SDL2|Win32
		{78B079BD-9FC7-4B9E-B4A6-96DA0F00248B}.Release SDL2|Win32.Build.0 = Release SDL2|Win32
		{78B079BD-9FC7-4B9E-B4A6-96DA0F00248B}.Release SDL2|x64.ActiveCfg = Release SDL2|x64
		{78B079BD-9FC7-4B9E-B4A6-96DA0F00248B}.Release SDL2|x64.Build.0 = Release SDL2|x64
		{78B079BD-9FC7-4B9E-B4A6-96DA0F00248B}.Release|ARM.ActiveCfg = Release|ARM
		{78B079BD-9FC7-4B9E-B4A6-96DA0F00248B}.Release|ARM.Build.0 = Release|ARM
		{78B079BD-9FC7-4B9E-B4A6-96DA0F00248B}.Release|ARM64.ActiveCfg = Release|ARM64
		{78B079BD-9FC7-4B9E-B4A6-96DA0F00248B}.Release|ARM64.Build.0 = Release|ARM64
		{78B079BD-9FC7-4B9E-B4A6-96DA0F00248B}.Release|Win32.ActiveCfg = Release|Win32
		{78B079BD-9FC7-4B9E-B4A6-96DA0F00248B}.Release|Win32.Build.0 = Release|Win32
		{78B079BD-9FC7-4B9E-B4A6-96DA0F00248B}.Release|x64.ActiveCfg = Release|x64
		{78B079BD-9FC7-4B9E-B4A6-96DA0F00248B}.Release|x64.Build.0 = Release|x64
	EndGlobalSection
	GlobalSection(SolutionProperties) = preSolution
		HideSolutionNode = FALSE
	EndGlobalSection
	GlobalSection(NestedProjects) = preSolution
		{81CE8DAF-EBB2-4761-8E45-B71ABCCA8C68} = {2606D77A-5E5B-4113-A3C9-278C55E8921B}
		{DA956FD3-E142-46F2-9DD5-C78BEBB56B7A} = {2606D77A-5E5B-4113-A3C9-278C55E8921B}
		{8AB3504F-5E58-4910-AFE8-7A1E595AC3F4} = {2606D77A-5E5B-4113-A3C9-278C55E8921B}
		{671232EC-C55C-4636-A75F-7E4B4C54C314} = {C204B73D-93EA-4E4C-BD5A-FDB7D5D07362}
		{ACEE8153-C2AF-4E9E-8881-8FEA759A34D9} = {C204B73D-93EA-4E4C-BD5A-FDB7D5D07362}
		{D6973076-9317-4EF2-A0B8-B7A18AC0713E} = {C204B73D-93EA-4E4C-BD5A-FDB7D5D07362}
		{CB7E474E-04D9-42D2-8159-40A56C2939BE} = {E30D990E-3556-4BEB-9BE8-6544B49E9572}
		{47281679-339B-4D01-8556-A49384BFE812} = {E30D990E-3556-4BEB-9BE8-6544B49E9572}
		{78B079BD-9FC7-4B9E-B4A6-96DA0F00248B} = {C204B73D-93EA-4E4C-BD5A-FDB7D5D07362}
	EndGlobalSection
	GlobalSection(ExtensibilityGlobals) = postSolution
		SolutionGuid = {EEAF41F1-C358-4B63-A476-64F9473F4D5A}
	EndGlobalSection
EndGlobal
