
Microsoft Visual Studio Solution File, Format Version 12.00
# Visual Studio 14
VisualStudioVersion = 14.0.23107.0
MinimumVisualStudioVersion = 10.0.40219.1
Project("{8BC9CEB8-8B4A-11D0-8D11-00A0C91BC942}") = "dosbox-x", "dosbox-x.vcxproj", "{8A52284E-5115-453E-AD4B-87B8FCDB1244}"
EndProject
Project("{8BC9CEB8-8B4A-11D0-8D11-00A0C91BC942}") = "SDL", "sdl\VisualC\SDL\SDL.vcxproj", "{81CE8DAF-EBB2-4761-8E45-B71ABCCA8C68}"
EndProject
Project("{8BC9CEB8-8B4A-11D0-8D11-00A0C91BC942}") = "SDLmain", "sdl\VisualC\SDLmain\SDLmain.vcxproj", "{DA956FD3-E142-46F2-9DD5-C78BEBB56B7A}"
EndProject
Project("{8BC9CEB8-8B4A-11D0-8D11-00A0C91BC942}") = "libpng", "libpng\projects\visualc71\libpng.vcxproj", "{0008960E-E0DD-41A6-8265-00B31DDB4C21}"
EndProject
Project("{8BC9CEB8-8B4A-11D0-8D11-00A0C91BC942}") = "zlibstat", "zlib\contrib\vstudio\vc9\zlibstat.vcxproj", "{745DEC58-EBB3-47A9-A9B8-4C6627C01BF8}"
EndProject
Project("{8BC9CEB8-8B4A-11D0-8D11-00A0C91BC942}") = "SDL_net", "sdlnet\VisualC\SDL_net_VS2008.vcxproj", "{8AB3504F-5E58-4910-AFE8-7A1E595AC3F4}"
EndProject
Global
	GlobalSection(SolutionConfigurationPlatforms) = preSolution
		Debug|Win32 = Debug|Win32
		Debug|x64 = Debug|x64
		Release|Win32 = Release|Win32
		Release|x64 = Release|x64
	EndGlobalSection
	GlobalSection(ProjectConfigurationPlatforms) = postSolution
		{8A52284E-5115-453E-AD4B-87B8FCDB1244}.Debug|Win32.ActiveCfg = Debug|Win32
		{8A52284E-5115-453E-AD4B-87B8FCDB1244}.Debug|Win32.Build.0 = Debug|Win32
		{8A52284E-5115-453E-AD4B-87B8FCDB1244}.Debug|x64.ActiveCfg = Debug|x64
		{8A52284E-5115-453E-AD4B-87B8FCDB1244}.Debug|x64.Build.0 = Debug|x64
		{8A52284E-5115-453E-AD4B-87B8FCDB1244}.Release|Win32.ActiveCfg = Release|Win32
		{8A52284E-5115-453E-AD4B-87B8FCDB1244}.Release|Win32.Build.0 = Release|Win32
		{8A52284E-5115-453E-AD4B-87B8FCDB1244}.Release|x64.ActiveCfg = Release|x64
		{8A52284E-5115-453E-AD4B-87B8FCDB1244}.Release|x64.Build.0 = Release|x64
		{81CE8DAF-EBB2-4761-8E45-B71ABCCA8C68}.Debug|Win32.ActiveCfg = Debug|Win32
		{81CE8DAF-EBB2-4761-8E45-B71ABCCA8C68}.Debug|Win32.Build.0 = Debug|Win32
		{81CE8DAF-EBB2-4761-8E45-B71ABCCA8C68}.Debug|x64.ActiveCfg = Debug|x64
		{81CE8DAF-EBB2-4761-8E45-B71ABCCA8C68}.Debug|x64.Build.0 = Debug|x64
		{81CE8DAF-EBB2-4761-8E45-B71ABCCA8C68}.Release|Win32.ActiveCfg = Release|Win32
		{81CE8DAF-EBB2-4761-8E45-B71ABCCA8C68}.Release|Win32.Build.0 = Release|Win32
		{81CE8DAF-EBB2-4761-8E45-B71ABCCA8C68}.Release|x64.ActiveCfg = Release|x64
		{81CE8DAF-EBB2-4761-8E45-B71ABCCA8C68}.Release|x64.Build.0 = Release|x64
		{DA956FD3-E142-46F2-9DD5-C78BEBB56B7A}.Debug|Win32.ActiveCfg = Debug|Win32
		{DA956FD3-E142-46F2-9DD5-C78BEBB56B7A}.Debug|Win32.Build.0 = Debug|Win32
		{DA956FD3-E142-46F2-9DD5-C78BEBB56B7A}.Debug|x64.ActiveCfg = Debug|x64
		{DA956FD3-E142-46F2-9DD5-C78BEBB56B7A}.Debug|x64.Build.0 = Debug|x64
		{DA956FD3-E142-46F2-9DD5-C78BEBB56B7A}.Release|Win32.ActiveCfg = Release|Win32
		{DA956FD3-E142-46F2-9DD5-C78BEBB56B7A}.Release|Win32.Build.0 = Release|Win32
		{DA956FD3-E142-46F2-9DD5-C78BEBB56B7A}.Release|x64.ActiveCfg = Release|x64
		{DA956FD3-E142-46F2-9DD5-C78BEBB56B7A}.Release|x64.Build.0 = Release|x64
		{0008960E-E0DD-41A6-8265-00B31DDB4C21}.Debug|Win32.ActiveCfg = Debug|Win32
		{0008960E-E0DD-41A6-8265-00B31DDB4C21}.Debug|Win32.Build.0 = Debug|Win32
		{0008960E-E0DD-41A6-8265-00B31DDB4C21}.Debug|x64.ActiveCfg = Debug|x64
		{0008960E-E0DD-41A6-8265-00B31DDB4C21}.Debug|x64.Build.0 = Debug|x64
		{0008960E-E0DD-41A6-8265-00B31DDB4C21}.Release|Win32.ActiveCfg = Release|Win32
		{0008960E-E0DD-41A6-8265-00B31DDB4C21}.Release|Win32.Build.0 = Release|Win32
		{0008960E-E0DD-41A6-8265-00B31DDB4C21}.Release|x64.ActiveCfg = Release|x64
		{0008960E-E0DD-41A6-8265-00B31DDB4C21}.Release|x64.Build.0 = Release|x64
		{745DEC58-EBB3-47A9-A9B8-4C6627C01BF8}.Debug|Win32.ActiveCfg = Debug|Win32
		{745DEC58-EBB3-47A9-A9B8-4C6627C01BF8}.Debug|Win32.Build.0 = Debug|Win32
		{745DEC58-EBB3-47A9-A9B8-4C6627C01BF8}.Debug|x64.ActiveCfg = Debug|x64
		{745DEC58-EBB3-47A9-A9B8-4C6627C01BF8}.Debug|x64.Build.0 = Debug|x64
		{745DEC58-EBB3-47A9-A9B8-4C6627C01BF8}.Release|Win32.ActiveCfg = Release|Win32
		{745DEC58-EBB3-47A9-A9B8-4C6627C01BF8}.Release|Win32.Build.0 = Release|Win32
		{745DEC58-EBB3-47A9-A9B8-4C6627C01BF8}.Release|x64.ActiveCfg = Release|x64
		{745DEC58-EBB3-47A9-A9B8-4C6627C01BF8}.Release|x64.Build.0 = Release|x64
		{8AB3504F-5E58-4910-AFE8-7A1E595AC3F4}.Debug|Win32.ActiveCfg = Debug|Win32
		{8AB3504F-5E58-4910-AFE8-7A1E595AC3F4}.Debug|Win32.Build.0 = Debug|Win32
		{8AB3504F-5E58-4910-AFE8-7A1E595AC3F4}.Debug|x64.ActiveCfg = Debug|x64
		{8AB3504F-5E58-4910-AFE8-7A1E595AC3F4}.Debug|x64.Build.0 = Debug|x64
		{8AB3504F-5E58-4910-AFE8-7A1E595AC3F4}.Release|Win32.ActiveCfg = Release|Win32
		{8AB3504F-5E58-4910-AFE8-7A1E595AC3F4}.Release|Win32.Build.0 = Release|Win32
		{8AB3504F-5E58-4910-AFE8-7A1E595AC3F4}.Release|x64.ActiveCfg = Release|x64
		{8AB3504F-5E58-4910-AFE8-7A1E595AC3F4}.Release|x64.Build.0 = Release|x64
	EndGlobalSection
	GlobalSection(SolutionProperties) = preSolution
		HideSolutionNode = FALSE
	EndGlobalSection
EndGlobal
