Microsoft Visual Studio Solution File, Format Version 12.00
# Visual Studio 2013
VisualStudioVersion = 12.0.20617.1 PREVIEW
MinimumVisualStudioVersion = 10.0.40219.1
Project("{8BC9CEB8-8B4A-11D0-8D11-00A0C91BC942}") = "dosbox", "dosbox.vcxproj", "{7FCFFB9B-8629-4D51-849C-8490CECF8AB7}"
EndProject
Global
	GlobalSection(SolutionConfigurationPlatforms) = preSolution
		Debug|Win32 = Debug|Win32
		Release|Win32 = Release|Win32
	EndGlobalSection
	GlobalSection(ProjectConfigurationPlatforms) = postSolution
		{7FCFFB9B-8629-4D51-849C-8490CECF8AB7}.Debug|Win32.ActiveCfg = Debug|Win32
		{7FCFFB9B-8629-4D51-849C-8490CECF8AB7}.Debug|Win32.Build.0 = Debug|Win32
		{7FCFFB9B-8629-4D51-849C-8490CECF8AB7}.Release|Win32.ActiveCfg = Release|Win32
		{7FCFFB9B-8629-4D51-849C-8490CECF8AB7}.Release|Win32.Build.0 = Release|Win32
	EndGlobalSection
	GlobalSection(SolutionProperties) = preSolution
		HideSolutionNode = FALSE
	EndGlobalSection
EndGlobal
