<?xml version="1.0" encoding="utf-8"?>
<Project ToolsVersion="4.0" xmlns="http://schemas.microsoft.com/developer/msbuild/2003">
  <ItemGroup>
    <Filter Include="Source Files">
      <UniqueIdentifier>{089ea85e-9530-4277-b5da-01aad3337994}</UniqueIdentifier>
      <Extensions>cpp;c;cxx;rc;def;r;odl;idl;hpj;bat</Extensions>
    </Filter>
    <Filter Include="Source Files\cpu">
      <UniqueIdentifier>{a0bb5646-24fa-4ef9-8cb9-fe06afb5f495}</UniqueIdentifier>
    </Filter>
    <Filter Include="Source Files\cpu\core_normal">
      <UniqueIdentifier>{cadd4ea7-089c-423e-b6a0-0136e6d8a571}</UniqueIdentifier>
    </Filter>
    <Filter Include="Source Files\cpu\core_full">
      <UniqueIdentifier>{8ff7b4d6-516c-44d0-b93d-31dab96d212b}</UniqueIdentifier>
    </Filter>
    <Filter Include="Source Files\cpu\core_dyn_x86">
      <UniqueIdentifier>{b115eb52-aa6a-422a-b100-ee405ae0102e}</UniqueIdentifier>
    </Filter>
    <Filter Include="Source Files\cpu\core_dynrec">
      <UniqueIdentifier>{595f6f8a-c76f-4a05-b2b3-9db725f28ef9}</UniqueIdentifier>
    </Filter>
    <Filter Include="Source Files\debug">
      <UniqueIdentifier>{fcaf61ca-1b3a-4199-9b48-eeade7ddd9be}</UniqueIdentifier>
    </Filter>
    <Filter Include="Source Files\dos">
      <UniqueIdentifier>{553ac767-5df3-4b1a-9518-4f69eda52807}</UniqueIdentifier>
    </Filter>
    <Filter Include="Source Files\dos\win32headers">
      <UniqueIdentifier>{bf99e3d1-74ca-4248-a0b6-6a759520dd29}</UniqueIdentifier>
    </Filter>
    <Filter Include="Source Files\dos\cdrom">
      <UniqueIdentifier>{c5fadbf2-5ddb-4794-ab70-c2697c3abe9b}</UniqueIdentifier>
    </Filter>
    <Filter Include="Source Files\dos\drives">
      <UniqueIdentifier>{17326b9d-cb92-4e26-848b-b992b51d6536}</UniqueIdentifier>
    </Filter>
    <Filter Include="Source Files\hardware">
      <UniqueIdentifier>{b21790aa-a2a0-4c1e-8bc0-15cdfa131fb7}</UniqueIdentifier>
    </Filter>
    <Filter Include="Source Files\hardware\vga">
      <UniqueIdentifier>{beddf647-b98f-4e2a-ac1a-a4d1499a37e2}</UniqueIdentifier>
    </Filter>
    <Filter Include="Source Files\hardware\sound">
      <UniqueIdentifier>{7bdfbb2f-4003-48b4-be60-866786b8ef99}</UniqueIdentifier>
    </Filter>
    <Filter Include="Source Files\hardware\serialport">
      <UniqueIdentifier>{1ee1e47f-c523-4dfc-b087-d2f705b00b78}</UniqueIdentifier>
    </Filter>
    <Filter Include="Source Files\gui">
      <UniqueIdentifier>{2d57a4e9-26fd-494f-976f-7c39e74f2075}</UniqueIdentifier>
    </Filter>
    <Filter Include="Source Files\ints">
      <UniqueIdentifier>{5544b625-f274-46bb-b4d3-a31b6e7a488e}</UniqueIdentifier>
    </Filter>
    <Filter Include="Source Files\ints\int10">
      <UniqueIdentifier>{b2315365-d8a4-49de-81b8-c91f145ab91c}</UniqueIdentifier>
    </Filter>
    <Filter Include="Source Files\shell">
      <UniqueIdentifier>{ec6e9a9f-6ca1-4877-8715-96f80afcc54b}</UniqueIdentifier>
    </Filter>
    <Filter Include="Source Files\misc">
      <UniqueIdentifier>{8316590d-5c5b-4f55-ba4f-ae1792c60192}</UniqueIdentifier>
    </Filter>
    <Filter Include="Source Files\visualc">
      <UniqueIdentifier>{83076ff5-1a80-453a-b7f3-ea92da3f8432}</UniqueIdentifier>
    </Filter>
    <Filter Include="Source Files\fpu">
      <UniqueIdentifier>{5dcc42b0-5c14-40f0-ba3b-d7e18fdaa272}</UniqueIdentifier>
    </Filter>
    <Filter Include="Header Files">
      <UniqueIdentifier>{406e3a7d-7df5-45c2-89de-6b26c5e4a485}</UniqueIdentifier>
      <Extensions>h;hpp;hxx;hm;inl</Extensions>
    </Filter>
  </ItemGroup>
  <ItemGroup>
    <ClCompile Include="..\src\dosbox.cpp">
      <Filter>Source Files</Filter>
    </ClCompile>
    <ClCompile Include="..\src\cpu\callback.cpp">
      <Filter>Source Files\cpu</Filter>
    </ClCompile>
    <ClCompile Include="..\src\cpu\core_dyn_x86.cpp">
      <Filter>Source Files\cpu</Filter>
    </ClCompile>
    <ClCompile Include="..\src\cpu\core_dynrec.cpp">
      <Filter>Source Files\cpu</Filter>
    </ClCompile>
    <ClCompile Include="..\src\cpu\core_full.cpp">
      <Filter>Source Files\cpu</Filter>
    </ClCompile>
    <ClCompile Include="..\src\cpu\core_normal.cpp">
      <Filter>Source Files\cpu</Filter>
    </ClCompile>
    <ClCompile Include="..\src\cpu\core_prefetch.cpp">
      <Filter>Source Files\cpu</Filter>
    </ClCompile>
    <ClCompile Include="..\src\cpu\core_simple.cpp">
      <Filter>Source Files\cpu</Filter>
    </ClCompile>
    <ClCompile Include="..\src\cpu\cpu.cpp">
      <Filter>Source Files\cpu</Filter>
    </ClCompile>
    <ClCompile Include="..\src\cpu\flags.cpp">
      <Filter>Source Files\cpu</Filter>
    </ClCompile>
    <ClCompile Include="..\src\cpu\modrm.cpp">
      <Filter>Source Files\cpu</Filter>
    </ClCompile>
    <ClCompile Include="..\src\cpu\paging.cpp">
      <Filter>Source Files\cpu</Filter>
    </ClCompile>
    <ClCompile Include="..\src\debug\debug.cpp">
      <Filter>Source Files\debug</Filter>
    </ClCompile>
    <ClCompile Include="..\src\debug\debug_disasm.cpp">
      <Filter>Source Files\debug</Filter>
    </ClCompile>
    <ClCompile Include="..\src\debug\debug_gui.cpp">
      <Filter>Source Files\debug</Filter>
    </ClCompile>
    <ClCompile Include="..\src\debug\debug_win32.cpp">
      <Filter>Source Files\debug</Filter>
    </ClCompile>
    <ClCompile Include="..\src\dos\dos.cpp">
      <Filter>Source Files\dos</Filter>
    </ClCompile>
    <ClCompile Include="..\src\dos\dos_classes.cpp">
      <Filter>Source Files\dos</Filter>
    </ClCompile>
    <ClCompile Include="..\src\dos\dos_devices.cpp">
      <Filter>Source Files\dos</Filter>
    </ClCompile>
    <ClCompile Include="..\src\dos\dos_execute.cpp">
      <Filter>Source Files\dos</Filter>
    </ClCompile>
    <ClCompile Include="..\src\dos\dos_files.cpp">
      <Filter>Source Files\dos</Filter>
    </ClCompile>
    <ClCompile Include="..\src\dos\dos_ioctl.cpp">
      <Filter>Source Files\dos</Filter>
    </ClCompile>
    <ClCompile Include="..\src\dos\dos_keyboard_layout.cpp">
      <Filter>Source Files\dos</Filter>
    </ClCompile>
    <ClCompile Include="..\src\dos\dos_memory.cpp">
      <Filter>Source Files\dos</Filter>
    </ClCompile>
    <ClCompile Include="..\src\dos\dos_misc.cpp">
      <Filter>Source Files\dos</Filter>
    </ClCompile>
    <ClCompile Include="..\src\dos\dos_mscdex.cpp">
      <Filter>Source Files\dos</Filter>
    </ClCompile>
    <ClCompile Include="..\src\dos\dos_programs.cpp">
      <Filter>Source Files\dos</Filter>
    </ClCompile>
    <ClCompile Include="..\src\dos\dos_tables.cpp">
      <Filter>Source Files\dos</Filter>
    </ClCompile>
    <ClCompile Include="..\src\dos\cdrom.cpp">
      <Filter>Source Files\dos\cdrom</Filter>
    </ClCompile>
    <ClCompile Include="..\src\dos\cdrom_aspi_win32.cpp">
      <Filter>Source Files\dos\cdrom</Filter>
    </ClCompile>
    <ClCompile Include="..\src\dos\cdrom_image.cpp">
      <Filter>Source Files\dos\cdrom</Filter>
    </ClCompile>
    <ClCompile Include="..\src\dos\cdrom_ioctl_win32.cpp">
      <Filter>Source Files\dos\cdrom</Filter>
    </ClCompile>
    <ClCompile Include="..\src\dos\drive_cache.cpp">
      <Filter>Source Files\dos\drives</Filter>
    </ClCompile>
    <ClCompile Include="..\src\dos\drive_fat.cpp">
      <Filter>Source Files\dos\drives</Filter>
    </ClCompile>
    <ClCompile Include="..\src\dos\drive_iso.cpp">
      <Filter>Source Files\dos\drives</Filter>
    </ClCompile>
    <ClCompile Include="..\src\dos\drive_local.cpp">
      <Filter>Source Files\dos\drives</Filter>
    </ClCompile>
    <ClCompile Include="..\src\dos\drive_virtual.cpp">
      <Filter>Source Files\dos\drives</Filter>
    </ClCompile>
    <ClCompile Include="..\src\dos\drives.cpp">
      <Filter>Source Files\dos\drives</Filter>
    </ClCompile>
    <ClCompile Include="..\src\hardware\cmos.cpp">
      <Filter>Source Files\hardware</Filter>
    </ClCompile>
    <ClCompile Include="..\src\hardware\dma.cpp">
      <Filter>Source Files\hardware</Filter>
    </ClCompile>
    <ClCompile Include="..\src\hardware\hardware.cpp">
      <Filter>Source Files\hardware</Filter>
    </ClCompile>
    <ClCompile Include="..\src\hardware\iohandler.cpp">
      <Filter>Source Files\hardware</Filter>
    </ClCompile>
    <ClCompile Include="..\src\hardware\ipx.cpp">
      <Filter>Source Files\hardware</Filter>
    </ClCompile>
    <ClCompile Include="..\src\hardware\ipxserver.cpp">
      <Filter>Source Files\hardware</Filter>
    </ClCompile>
    <ClCompile Include="..\src\hardware\joystick.cpp">
      <Filter>Source Files\hardware</Filter>
    </ClCompile>
    <ClCompile Include="..\src\hardware\keyboard.cpp">
      <Filter>Source Files\hardware</Filter>
    </ClCompile>
    <ClCompile Include="..\src\hardware\memory.cpp">
      <Filter>Source Files\hardware</Filter>
    </ClCompile>
    <ClCompile Include="..\src\hardware\mixer.cpp">
      <Filter>Source Files\hardware</Filter>
    </ClCompile>
    <ClCompile Include="..\src\hardware\pci_bus.cpp">
      <Filter>Source Files\hardware</Filter>
    </ClCompile>
    <ClCompile Include="..\src\hardware\pic.cpp">
      <Filter>Source Files\hardware</Filter>
    </ClCompile>
    <ClCompile Include="..\src\hardware\timer.cpp">
      <Filter>Source Files\hardware</Filter>
    </ClCompile>
    <ClCompile Include="..\src\hardware\vga.cpp">
      <Filter>Source Files\hardware\vga</Filter>
    </ClCompile>
    <ClCompile Include="..\src\hardware\vga_attr.cpp">
      <Filter>Source Files\hardware\vga</Filter>
    </ClCompile>
    <ClCompile Include="..\src\hardware\vga_crtc.cpp">
      <Filter>Source Files\hardware\vga</Filter>
    </ClCompile>
    <ClCompile Include="..\src\hardware\vga_dac.cpp">
      <Filter>Source Files\hardware\vga</Filter>
    </ClCompile>
    <ClCompile Include="..\src\hardware\vga_draw.cpp">
      <Filter>Source Files\hardware\vga</Filter>
    </ClCompile>
    <ClCompile Include="..\src\hardware\vga_gfx.cpp">
      <Filter>Source Files\hardware\vga</Filter>
    </ClCompile>
    <ClCompile Include="..\src\hardware\vga_memory.cpp">
      <Filter>Source Files\hardware\vga</Filter>
    </ClCompile>
    <ClCompile Include="..\src\hardware\vga_misc.cpp">
      <Filter>Source Files\hardware\vga</Filter>
    </ClCompile>
    <ClCompile Include="..\src\hardware\vga_other.cpp">
      <Filter>Source Files\hardware\vga</Filter>
    </ClCompile>
    <ClCompile Include="..\src\hardware\vga_paradise.cpp">
      <Filter>Source Files\hardware\vga</Filter>
    </ClCompile>
    <ClCompile Include="..\src\hardware\vga_s3.cpp">
      <Filter>Source Files\hardware\vga</Filter>
    </ClCompile>
    <ClCompile Include="..\src\hardware\vga_seq.cpp">
      <Filter>Source Files\hardware\vga</Filter>
    </ClCompile>
    <ClCompile Include="..\src\hardware\vga_tseng.cpp">
      <Filter>Source Files\hardware\vga</Filter>
    </ClCompile>
    <ClCompile Include="..\src\hardware\vga_xga.cpp">
      <Filter>Source Files\hardware\vga</Filter>
    </ClCompile>
    <ClCompile Include="..\src\hardware\adlib.cpp">
      <Filter>Source Files\hardware\sound</Filter>
    </ClCompile>
    <ClCompile Include="..\src\hardware\dbopl.cpp">
      <Filter>Source Files\hardware\sound</Filter>
    </ClCompile>
    <ClCompile Include="..\src\hardware\disney.cpp">
      <Filter>Source Files\hardware\sound</Filter>
    </ClCompile>
    <ClCompile Include="..\src\hardware\gameblaster.cpp">
      <Filter>Source Files\hardware\sound</Filter>
    </ClCompile>
    <ClCompile Include="..\src\hardware\gus.cpp">
      <Filter>Source Files\hardware\sound</Filter>
    </ClCompile>
    <ClCompile Include="..\src\hardware\mpu401.cpp">
      <Filter>Source Files\hardware\sound</Filter>
    </ClCompile>
    <ClCompile Include="..\src\hardware\pcspeaker.cpp">
      <Filter>Source Files\hardware\sound</Filter>
    </ClCompile>
    <ClCompile Include="..\src\hardware\sblaster.cpp">
      <Filter>Source Files\hardware\sound</Filter>
    </ClCompile>
    <ClCompile Include="..\src\hardware\tandy_sound.cpp">
      <Filter>Source Files\hardware\sound</Filter>
    </ClCompile>
    <ClCompile Include="..\src\hardware\serialport\directserial.cpp">
      <Filter>Source Files\hardware\serialport</Filter>
    </ClCompile>
    <ClCompile Include="..\src\hardware\serialport\libserial.cpp">
      <Filter>Source Files\hardware\serialport</Filter>
    </ClCompile>
    <ClCompile Include="..\src\hardware\serialport\misc_util.cpp">
      <Filter>Source Files\hardware\serialport</Filter>
    </ClCompile>
    <ClCompile Include="..\src\hardware\serialport\nullmodem.cpp">
      <Filter>Source Files\hardware\serialport</Filter>
    </ClCompile>
    <ClCompile Include="..\src\hardware\serialport\serialdummy.cpp">
      <Filter>Source Files\hardware\serialport</Filter>
    </ClCompile>
    <ClCompile Include="..\src\hardware\serialport\serialport.cpp">
      <Filter>Source Files\hardware\serialport</Filter>
    </ClCompile>
    <ClCompile Include="..\src\hardware\serialport\softmodem.cpp">
      <Filter>Source Files\hardware\serialport</Filter>
    </ClCompile>
    <ClCompile Include="..\src\libs\gui_tk\gui_tk.cpp">
      <Filter>Source Files\gui</Filter>
    </ClCompile>
    <ClCompile Include="..\src\gui\midi.cpp">
      <Filter>Source Files\gui</Filter>
    </ClCompile>
    <ClCompile Include="..\src\gui\render.cpp">
      <Filter>Source Files\gui</Filter>
    </ClCompile>
    <ClCompile Include="..\src\gui\render_scalers.cpp">
      <Filter>Source Files\gui</Filter>
    </ClCompile>
    <ClCompile Include="..\src\gui\sdl_gui.cpp">
      <Filter>Source Files\gui</Filter>
    </ClCompile>
    <ClCompile Include="..\src\gui\sdl_mapper.cpp">
      <Filter>Source Files\gui</Filter>
    </ClCompile>
    <ClCompile Include="..\src\gui\sdlmain.cpp">
      <Filter>Source Files\gui</Filter>
    </ClCompile>
    <ClCompile Include="..\src\ints\bios.cpp">
      <Filter>Source Files\ints</Filter>
    </ClCompile>
    <ClCompile Include="..\src\ints\bios_disk.cpp">
      <Filter>Source Files\ints</Filter>
    </ClCompile>
    <ClCompile Include="..\src\ints\bios_keyboard.cpp">
      <Filter>Source Files\ints</Filter>
    </ClCompile>
    <ClCompile Include="..\src\ints\ems.cpp">
      <Filter>Source Files\ints</Filter>
    </ClCompile>
    <ClCompile Include="..\src\ints\mouse.cpp">
      <Filter>Source Files\ints</Filter>
    </ClCompile>
    <ClCompile Include="..\src\ints\xms.cpp">
      <Filter>Source Files\ints</Filter>
    </ClCompile>
    <ClCompile Include="..\src\ints\int10.cpp">
      <Filter>Source Files\ints\int10</Filter>
    </ClCompile>
    <ClCompile Include="..\src\ints\int10_char.cpp">
      <Filter>Source Files\ints\int10</Filter>
    </ClCompile>
    <ClCompile Include="..\src\ints\int10_memory.cpp">
      <Filter>Source Files\ints\int10</Filter>
    </ClCompile>
    <ClCompile Include="..\src\ints\int10_misc.cpp">
      <Filter>Source Files\ints\int10</Filter>
    </ClCompile>
    <ClCompile Include="..\src\ints\int10_modes.cpp">
      <Filter>Source Files\ints\int10</Filter>
    </ClCompile>
    <ClCompile Include="..\src\ints\int10_pal.cpp">
      <Filter>Source Files\ints\int10</Filter>
    </ClCompile>
    <ClCompile Include="..\src\ints\int10_put_pixel.cpp">
      <Filter>Source Files\ints\int10</Filter>
    </ClCompile>
    <ClCompile Include="..\src\ints\int10_vesa.cpp">
      <Filter>Source Files\ints\int10</Filter>
    </ClCompile>
    <ClCompile Include="..\src\ints\int10_video_state.cpp">
      <Filter>Source Files\ints\int10</Filter>
    </ClCompile>
    <ClCompile Include="..\src\ints\int10_vptable.cpp">
      <Filter>Source Files\ints\int10</Filter>
    </ClCompile>
    <ClCompile Include="..\src\shell\shell.cpp">
      <Filter>Source Files\shell</Filter>
    </ClCompile>
    <ClCompile Include="..\src\shell\shell_batch.cpp">
      <Filter>Source Files\shell</Filter>
    </ClCompile>
    <ClCompile Include="..\src\shell\shell_cmds.cpp">
      <Filter>Source Files\shell</Filter>
    </ClCompile>
    <ClCompile Include="..\src\shell\shell_misc.cpp">
      <Filter>Source Files\shell</Filter>
    </ClCompile>
    <ClCompile Include="..\src\misc\cross.cpp">
      <Filter>Source Files\misc</Filter>
    </ClCompile>
    <ClCompile Include="..\src\misc\messages.cpp">
      <Filter>Source Files\misc</Filter>
    </ClCompile>
    <ClCompile Include="..\src\misc\programs.cpp">
      <Filter>Source Files\misc</Filter>
    </ClCompile>
    <ClCompile Include="..\src\misc\setup.cpp">
      <Filter>Source Files\misc</Filter>
    </ClCompile>
    <ClCompile Include="..\src\misc\support.cpp">
      <Filter>Source Files\misc</Filter>
    </ClCompile>
    <ClCompile Include="..\src\fpu\fpu.cpp">
      <Filter>Source Files\fpu</Filter>
    </ClCompile>
  </ItemGroup>
  <ItemGroup>
    <ResourceCompile Include="..\src\winres.rc">
      <Filter>Source Files</Filter>
    </ResourceCompile>
  </ItemGroup>
  <ItemGroup>
    <ClInclude Include="..\src\cpu\instructions.h">
      <Filter>Source Files\cpu</Filter>
    </ClInclude>
    <ClInclude Include="..\src\cpu\lazyflags.h">
      <Filter>Source Files\cpu</Filter>
    </ClInclude>
    <ClInclude Include="..\src\cpu\modrm.h">
      <Filter>Source Files\cpu</Filter>
    </ClInclude>
    <ClInclude Include="..\src\cpu\core_normal\helpers.h">
      <Filter>Source Files\cpu\core_normal</Filter>
    </ClInclude>
    <ClInclude Include="..\src\cpu\core_normal\prefix_0f.h">
      <Filter>Source Files\cpu\core_normal</Filter>
    </ClInclude>
    <ClInclude Include="..\src\cpu\core_normal\prefix_66.h">
      <Filter>Source Files\cpu\core_normal</Filter>
    </ClInclude>
    <ClInclude Include="..\src\cpu\core_normal\prefix_66_0f.h">
      <Filter>Source Files\cpu\core_normal</Filter>
    </ClInclude>
    <ClInclude Include="..\src\cpu\core_normal\prefix_none.h">
      <Filter>Source Files\cpu\core_normal</Filter>
    </ClInclude>
    <ClInclude Include="..\src\cpu\core_normal\string.h">
      <Filter>Source Files\cpu\core_normal</Filter>
    </ClInclude>
    <ClInclude Include="..\src\cpu\core_normal\support.h">
      <Filter>Source Files\cpu\core_normal</Filter>
    </ClInclude>
    <ClInclude Include="..\src\cpu\core_normal\table_ea.h">
      <Filter>Source Files\cpu\core_normal</Filter>
    </ClInclude>
    <ClInclude Include="..\src\cpu\core_full\ea_lookup.h">
      <Filter>Source Files\cpu\core_full</Filter>
    </ClInclude>
    <ClInclude Include="..\src\cpu\core_full\load.h">
      <Filter>Source Files\cpu\core_full</Filter>
    </ClInclude>
    <ClInclude Include="..\src\cpu\core_full\loadwrite.h">
      <Filter>Source Files\cpu\core_full</Filter>
    </ClInclude>
    <ClInclude Include="..\src\cpu\core_full\op.h">
      <Filter>Source Files\cpu\core_full</Filter>
    </ClInclude>
    <ClInclude Include="..\src\cpu\core_full\optable.h">
      <Filter>Source Files\cpu\core_full</Filter>
    </ClInclude>
    <ClInclude Include="..\src\cpu\core_full\save.h">
      <Filter>Source Files\cpu\core_full</Filter>
    </ClInclude>
    <ClInclude Include="..\src\cpu\core_full\string.h">
      <Filter>Source Files\cpu\core_full</Filter>
    </ClInclude>
    <ClInclude Include="..\src\cpu\core_full\support.h">
      <Filter>Source Files\cpu\core_full</Filter>
    </ClInclude>
    <ClInclude Include="..\src\cpu\core_dyn_x86\cache.h">
      <Filter>Source Files\cpu\core_dyn_x86</Filter>
    </ClInclude>
    <ClInclude Include="..\src\cpu\core_dyn_x86\decoder.h">
      <Filter>Source Files\cpu\core_dyn_x86</Filter>
    </ClInclude>
    <ClInclude Include="..\src\cpu\core_dyn_x86\dyn_fpu.h">
      <Filter>Source Files\cpu\core_dyn_x86</Filter>
    </ClInclude>
    <ClInclude Include="..\src\cpu\core_dyn_x86\dyn_fpu_dh.h">
      <Filter>Source Files\cpu\core_dyn_x86</Filter>
    </ClInclude>
    <ClInclude Include="..\src\cpu\core_dyn_x86\helpers.h">
      <Filter>Source Files\cpu\core_dyn_x86</Filter>
    </ClInclude>
    <ClInclude Include="..\src\cpu\core_dyn_x86\risc_x86.h">
      <Filter>Source Files\cpu\core_dyn_x86</Filter>
    </ClInclude>
    <ClInclude Include="..\src\cpu\core_dyn_x86\string.h">
      <Filter>Source Files\cpu\core_dyn_x86</Filter>
    </ClInclude>
    <ClInclude Include="..\src\cpu\core_dynrec\cache.h">
      <Filter>Source Files\cpu\core_dynrec</Filter>
    </ClInclude>
    <ClInclude Include="..\src\cpu\core_dynrec\decoder.h">
      <Filter>Source Files\cpu\core_dynrec</Filter>
    </ClInclude>
    <ClInclude Include="..\src\cpu\core_dynrec\decoder_basic.h">
      <Filter>Source Files\cpu\core_dynrec</Filter>
    </ClInclude>
    <ClInclude Include="..\src\cpu\core_dynrec\decoder_opcodes.h">
      <Filter>Source Files\cpu\core_dynrec</Filter>
    </ClInclude>
    <ClInclude Include="..\src\cpu\core_dynrec\dyn_fpu.h">
      <Filter>Source Files\cpu\core_dynrec</Filter>
    </ClInclude>
    <ClInclude Include="..\src\cpu\core_dynrec\operators.h">
      <Filter>Source Files\cpu\core_dynrec</Filter>
    </ClInclude>
    <ClInclude Include="..\src\cpu\core_dynrec\risc_x64.h">
      <Filter>Source Files\cpu\core_dynrec</Filter>
    </ClInclude>
    <ClInclude Include="..\src\cpu\core_dynrec\risc_x86.h">
      <Filter>Source Files\cpu\core_dynrec</Filter>
    </ClInclude>
    <ClInclude Include="..\src\debug\debug_inc.h">
      <Filter>Source Files\debug</Filter>
    </ClInclude>
    <ClInclude Include="..\src\debug\disasm_tables.h">
      <Filter>Source Files\debug</Filter>
    </ClInclude>
    <ClInclude Include="..\src\dos\dev_con.h">
      <Filter>Source Files\dos</Filter>
    </ClInclude>
    <ClInclude Include="..\src\dos\drives.h">
      <Filter>Source Files\dos\win32headers</Filter>
    </ClInclude>
    <ClInclude Include="..\src\dos\Ntddcdrm.h">
      <Filter>Source Files\dos\win32headers</Filter>
    </ClInclude>
    <ClInclude Include="..\src\dos\Ntddscsi.h">
      <Filter>Source Files\dos\win32headers</Filter>
    </ClInclude>
    <ClInclude Include="..\src\dos\Ntddstor.h">
      <Filter>Source Files\dos\win32headers</Filter>
    </ClInclude>
    <ClInclude Include="..\src\dos\scsidefs.h">
      <Filter>Source Files\dos\win32headers</Filter>
    </ClInclude>
    <ClInclude Include="..\src\dos\wnaspi32.h">
      <Filter>Source Files\dos\win32headers</Filter>
    </ClInclude>
    <ClInclude Include="..\src\dos\cdrom.h">
      <Filter>Source Files\dos\cdrom</Filter>
    </ClInclude>
    <ClInclude Include="..\src\hardware\font-switch.h">
      <Filter>Source Files\hardware</Filter>
    </ClInclude>
    <ClInclude Include="..\src\hardware\serialport\directserial.h">
      <Filter>Source Files\hardware\serialport</Filter>
    </ClInclude>
    <ClInclude Include="..\src\hardware\serialport\libserial.h">
      <Filter>Source Files\hardware\serialport</Filter>
    </ClInclude>
    <ClInclude Include="..\src\hardware\serialport\misc_util.h">
      <Filter>Source Files\hardware\serialport</Filter>
    </ClInclude>
    <ClInclude Include="..\src\hardware\serialport\nullmodem.h">
      <Filter>Source Files\hardware\serialport</Filter>
    </ClInclude>
    <ClInclude Include="..\src\hardware\serialport\serialdummy.h">
      <Filter>Source Files\hardware\serialport</Filter>
    </ClInclude>
    <ClInclude Include="..\src\hardware\serialport\softmodem.h">
      <Filter>Source Files\hardware\serialport</Filter>
    </ClInclude>
    <ClInclude Include="..\src\gui\midi_win32.h">
      <Filter>Source Files\gui</Filter>
    </ClInclude>
    <ClInclude Include="..\src\gui\render_scalers.h">
      <Filter>Source Files\gui</Filter>
    </ClInclude>
    <ClInclude Include="..\src\gui\render_templates.h">
      <Filter>Source Files\gui</Filter>
    </ClInclude>
    <ClInclude Include="..\src\ints\xms.h">
      <Filter>Source Files\ints</Filter>
    </ClInclude>
    <ClInclude Include="..\src\ints\int10.h">
      <Filter>Source Files\ints\int10</Filter>
    </ClInclude>
    <ClInclude Include="..\src\platform\visualc\config.h">
      <Filter>Source Files\visualc</Filter>
    </ClInclude>
    <ClInclude Include="..\src\platform\visualc\unistd.h">
      <Filter>Source Files\visualc</Filter>
    </ClInclude>
    <ClInclude Include="..\src\fpu\fpu_instructions.h">
      <Filter>Source Files\fpu</Filter>
    </ClInclude>
    <ClInclude Include="..\src\fpu\fpu_instructions_x86.h">
      <Filter>Source Files\fpu</Filter>
    </ClInclude>
    <ClInclude Include="..\include\bios.h">
      <Filter>Header Files</Filter>
    </ClInclude>
    <ClInclude Include="..\include\bios_disk.h">
      <Filter>Header Files</Filter>
    </ClInclude>
    <ClInclude Include="..\include\callback.h">
      <Filter>Header Files</Filter>
    </ClInclude>
    <ClInclude Include="..\include\control.h">
      <Filter>Header Files</Filter>
    </ClInclude>
    <ClInclude Include="..\include\cpu.h">
      <Filter>Header Files</Filter>
    </ClInclude>
    <ClInclude Include="..\include\cross.h">
      <Filter>Header Files</Filter>
    </ClInclude>
    <ClInclude Include="..\include\debug.h">
      <Filter>Header Files</Filter>
    </ClInclude>
    <ClInclude Include="..\include\dma.h">
      <Filter>Header Files</Filter>
    </ClInclude>
    <ClInclude Include="..\include\dos_inc.h">
      <Filter>Header Files</Filter>
    </ClInclude>
    <ClInclude Include="..\include\dos_system.h">
      <Filter>Header Files</Filter>
    </ClInclude>
    <ClInclude Include="..\include\dosbox.h">
      <Filter>Header Files</Filter>
    </ClInclude>
    <ClInclude Include="..\include\fpu.h">
      <Filter>Header Files</Filter>
    </ClInclude>
    <ClInclude Include="..\include\hardware.h">
      <Filter>Header Files</Filter>
    </ClInclude>
    <ClInclude Include="..\include\inout.h">
      <Filter>Header Files</Filter>
    </ClInclude>
    <ClInclude Include="..\include\joystick.h">
      <Filter>Header Files</Filter>
    </ClInclude>
    <ClInclude Include="..\include\keyboard.h">
      <Filter>Header Files</Filter>
    </ClInclude>
    <ClInclude Include="..\include\logging.h">
      <Filter>Header Files</Filter>
    </ClInclude>
    <ClInclude Include="..\include\mem.h">
      <Filter>Header Files</Filter>
    </ClInclude>
    <ClInclude Include="..\include\mixer.h">
      <Filter>Header Files</Filter>
    </ClInclude>
    <ClInclude Include="..\include\modules.h">
      <Filter>Header Files</Filter>
    </ClInclude>
    <ClInclude Include="..\include\mouse.h">
      <Filter>Header Files</Filter>
    </ClInclude>
    <ClInclude Include="..\include\paging.h">
      <Filter>Header Files</Filter>
    </ClInclude>
    <ClInclude Include="..\include\pci_bus.h">
      <Filter>Header Files</Filter>
    </ClInclude>
    <ClInclude Include="..\include\pic.h">
      <Filter>Header Files</Filter>
    </ClInclude>
    <ClInclude Include="..\include\programs.h">
      <Filter>Header Files</Filter>
    </ClInclude>
    <ClInclude Include="..\include\regs.h">
      <Filter>Header Files</Filter>
    </ClInclude>
    <ClInclude Include="..\include\render.h">
      <Filter>Header Files</Filter>
    </ClInclude>
    <ClInclude Include="..\include\serialport.h">
      <Filter>Header Files</Filter>
    </ClInclude>
    <ClInclude Include="..\include\setup.h">
      <Filter>Header Files</Filter>
    </ClInclude>
    <ClInclude Include="..\include\shell.h">
      <Filter>Header Files</Filter>
    </ClInclude>
    <ClInclude Include="..\include\support.h">
      <Filter>Header Files</Filter>
    </ClInclude>
    <ClInclude Include="..\include\timer.h">
      <Filter>Header Files</Filter>
    </ClInclude>
    <ClInclude Include="..\include\vga.h">
      <Filter>Header Files</Filter>
    </ClInclude>
    <ClInclude Include="..\include\video.h">
      <Filter>Header Files</Filter>
    </ClInclude>
  </ItemGroup>
  <ItemGroup>
    <Image Include="..\src\dosbox.ico" />
  </ItemGroup>
</Project>